
Microsoft Visual Studio Solution File, Format Version 12.00
# Visual Studio Version 17
VisualStudioVersion = 17.9.34902.65
MinimumVisualStudioVersion = 10.0.40219.1
Project("{FAE04EC0-301F-11D3-BF4B-00C04F79EFBC}") = "WSA2023_TP04_A05App", "WSA2023_TP04_A05App\WSA2023_TP04_A05App.csproj", "{99D297AD-12A1-45A4-8CE5-0302125A867F}"
EndProject
Global
	GlobalSection(SolutionConfigurationPlatforms) = preSolution
		Debug|Any CPU = Debug|Any CPU
		Release|Any CPU = Release|Any CPU
	EndGlobalSection
	GlobalSection(ProjectConfigurationPlatforms) = postSolution
		{99D297AD-12A1-45A4-8CE5-0302125A867F}.Debug|Any CPU.ActiveCfg = Debug|Any CPU
		{99D297AD-12A1-45A4-8CE5-0302125A867F}.Debug|Any CPU.Build.0 = Debug|Any CPU
		{99D297AD-12A1-45A4-8CE5-0302125A867F}.Release|Any CPU.ActiveCfg = Release|Any CPU
		{99D297AD-12A1-45A4-8CE5-0302125A867F}.Release|Any CPU.Build.0 = Release|Any CPU
	EndGlobalSection
	GlobalSection(SolutionProperties) = preSolution
		HideSolutionNode = FALSE
	EndGlobalSection
	GlobalSection(ExtensibilityGlobals) = postSolution
		SolutionGuid = {F2C92E30-4D3C-4FC3-9B0B-E872A1DEBE99}
	EndGlobalSection
EndGlobal
